
Microsoft Visual Studio Solution File, Format Version 12.00
# Visual Studio Version 16
VisualStudioVersion = 16.0.32002.261
MinimumVisualStudioVersion = 10.0.40219.1
Project("{8BC9CEB8-8B4A-11D0-8D11-00A0C91BC942}") = "HelloDX", "HelloDX\HelloDX.vcxproj", "{371D84DD-2FE3-4563-B65B-2F6358D7CA46}"
EndProject
Global
	GlobalSection(SolutionConfigurationPlatforms) = preSolution
		Debug|x64 = Debug|x64
		Debug|x86 = Debug|x86
		Release|x64 = Release|x64
		Release|x86 = Release|x86
	EndGlobalSection
	GlobalSection(ProjectConfigurationPlatforms) = postSolution
		{371D84DD-2FE3-4563-B65B-2F6358D7CA46}.Debug|x64.ActiveCfg = Debug|x64
		{371D84DD-2FE3-4563-B65B-2F6358D7CA46}.Debug|x64.Build.0 = Debug|x64
		{371D84DD-2FE3-4563-B65B-2F6358D7CA46}.Debug|x86.ActiveCfg = Debug|Win32
		{371D84DD-2FE3-4563-B65B-2F6358D7CA46}.Debug|x86.Build.0 = Debug|Win32
		{371D84DD-2FE3-4563-B65B-2F6358D7CA46}.Release|x64.ActiveCfg = Release|x64
		{371D84DD-2FE3-4563-B65B-2F6358D7CA46}.Release|x64.Build.0 = Release|x64
		{371D84DD-2FE3-4563-B65B-2F6358D7CA46}.Release|x86.ActiveCfg = Release|Win32
		{371D84DD-2FE3-4563-B65B-2F6358D7CA46}.Release|x86.Build.0 = Release|Win32
	EndGlobalSection
	GlobalSection(SolutionProperties) = preSolution
		HideSolutionNode = FALSE
	EndGlobalSection
	GlobalSection(ExtensibilityGlobals) = postSolution
		SolutionGuid = {DB61574A-A828-4019-B91D-9C2E30A6D8FD}
	EndGlobalSection
EndGlobal
